
Microsoft Visual Studio Solution File, Format Version 12.00
# Visual Studio 15
VisualStudioVersion = 15.0.28307.168
MinimumVisualStudioVersion = 10.0.40219.1
Project("{FAE04EC0-301F-11D3-BF4B-00C04F79EFBC}") = "WebScrapping", "WebScrapping\WebScrapping.csproj", "{31040790-9069-45D8-9717-BD000C161A06}"
EndProject
Project("{FAE04EC0-301F-11D3-BF4B-00C04F79EFBC}") = "WebScrappingWPF", "WebScrappingWPF\WebScrappingWPF.csproj", "{C7FB824B-66CB-4646-914F-06889BF2F3B6}"
EndProject
Project("{2150E333-8FDC-42A3-9474-1A3956D46DE8}") = "Prism WPF", "Prism WPF", "{EBD3B8AB-4E71-4C40-BF08-8E0E3A59BF4A}"
EndProject
Project("{2150E333-8FDC-42A3-9474-1A3956D46DE8}") = "Other", "Other", "{507F69F3-265D-41F5-9099-DA6B3F962DD2}"
EndProject
Project("{2150E333-8FDC-42A3-9474-1A3956D46DE8}") = "Modules", "Modules", "{4AA11A89-1145-4529-B6DF-600FFE55012D}"
EndProject
Project("{FAE04EC0-301F-11D3-BF4B-00C04F79EFBC}") = "WebScrapping.PrismWPF", "Prism.Wpf\WebScrapping.PrismWPF\WebScrapping.PrismWPF.csproj", "{A7325225-3F4B-49F2-A219-2B42F30EEABB}"
EndProject
Project("{2150E333-8FDC-42A3-9474-1A3956D46DE8}") = "Business", "Business", "{D31BE345-1B83-4B30-B232-B8C34563CE66}"
EndProject
Project("{FAE04EC0-301F-11D3-BF4B-00C04F79EFBC}") = "Infrastructure", "Prism.Wpf\Business\Infrastructure\Infrastructure.csproj", "{93EF9489-3E1B-47BD-A34E-0C6080AF4A96}"
EndProject
Project("{FAE04EC0-301F-11D3-BF4B-00C04F79EFBC}") = "WebScrape", "Prism.Wpf\Modules\WebScrape\WebScrape.csproj", "{D70850D8-8C19-462C-9B71-13DADC08BF0C}"
EndProject
Project("{FAE04EC0-301F-11D3-BF4B-00C04F79EFBC}") = "News", "Prism.Wpf\Modules\News\News.csproj", "{E1C7EB7F-C3E9-48B9-8808-F22F35276512}"
EndProject
Project("{2150E333-8FDC-42A3-9474-1A3956D46DE8}") = "Test", "Test", "{20E2B200-CF56-46BE-B22E-3925F6918865}"
EndProject
Project("{FAE04EC0-301F-11D3-BF4B-00C04F79EFBC}") = "WebScrape.Tests", "Prism.Wpf\Tests\WebScrapeTests\WebScrape.Tests.csproj", "{5302D6B3-6829-4647-9F1C-23E016C4731C}"
EndProject
Project("{2150E333-8FDC-42A3-9474-1A3956D46DE8}") = "Prism Xamarin", "Prism Xamarin", "{00E25343-8A10-4944-83EE-C647076A885E}"
EndProject
Project("{2150E333-8FDC-42A3-9474-1A3956D46DE8}") = "Modules", "Modules", "{07AF44C5-342D-40DD-B8EF-62E17A83F568}"
EndProject
Project("{2150E333-8FDC-42A3-9474-1A3956D46DE8}") = "Business", "Business", "{DB06E69F-91FA-470A-BD9F-EEA694D2C75A}"
EndProject
Project("{9A19103F-16F7-4668-BE54-9A1E7A4F7556}") = "WCFC", "Prims Xamarin\WCFC\WCFC\WCFC.csproj", "{DDA159DE-2397-48DD-94F7-90A6C7D52CE4}"
EndProject
Project("{FAE04EC0-301F-11D3-BF4B-00C04F79EFBC}") = "WCFC.Android", "Prims Xamarin\WCFC\WCFC.Android\WCFC.Android.csproj", "{0172F902-4B26-4097-8809-888CD659288E}"
EndProject
Project("{FAE04EC0-301F-11D3-BF4B-00C04F79EFBC}") = "WCFC.iOS", "Prims Xamarin\WCFC\WCFC.iOS\WCFC.iOS.csproj", "{85EDF809-AF47-476D-B45E-73062FD8E5B3}"
EndProject
Project("{FAE04EC0-301F-11D3-BF4B-00C04F79EFBC}") = "WCFC.UWP", "Prims Xamarin\WCFC\WCFC.UWP\WCFC.UWP.csproj", "{48A10C5C-94E0-43F8-9650-8F8896956176}"
EndProject
Project("{FAE04EC0-301F-11D3-BF4B-00C04F79EFBC}") = "Infrastructure.Xamarin", "Prims Xamarin\Business\Infrastructure.Xamarin\Infrastructure.Xamarin.csproj", "{D0E1FE07-0063-45F7-B871-70A0B2F13837}"
EndProject
Project("{FAE04EC0-301F-11D3-BF4B-00C04F79EFBC}") = "WebScrape.Xamarin", "Prims Xamarin\Modules\WebScrape.Xamarin\WebScrape.Xamarin.csproj", "{4FE45500-2AB0-4AAD-9BB2-E2549F627C8A}"
EndProject
Global
	GlobalSection(SolutionConfigurationPlatforms) = preSolution
		Ad-Hoc|Any CPU = Ad-Hoc|Any CPU
		Ad-Hoc|ARM = Ad-Hoc|ARM
		Ad-Hoc|iPhone = Ad-Hoc|iPhone
		Ad-Hoc|iPhoneSimulator = Ad-Hoc|iPhoneSimulator
		Ad-Hoc|x64 = Ad-Hoc|x64
		Ad-Hoc|x86 = Ad-Hoc|x86
		AppStore|Any CPU = AppStore|Any CPU
		AppStore|ARM = AppStore|ARM
		AppStore|iPhone = AppStore|iPhone
		AppStore|iPhoneSimulator = AppStore|iPhoneSimulator
		AppStore|x64 = AppStore|x64
		AppStore|x86 = AppStore|x86
		Debug|Any CPU = Debug|Any CPU
		Debug|ARM = Debug|ARM
		Debug|iPhone = Debug|iPhone
		Debug|iPhoneSimulator = Debug|iPhoneSimulator
		Debug|x64 = Debug|x64
		Debug|x86 = Debug|x86
		Release|Any CPU = Release|Any CPU
		Release|ARM = Release|ARM
		Release|iPhone = Release|iPhone
		Release|iPhoneSimulator = Release|iPhoneSimulator
		Release|x64 = Release|x64
		Release|x86 = Release|x86
	EndGlobalSection
	GlobalSection(ProjectConfigurationPlatforms) = postSolution
		{31040790-9069-45D8-9717-BD000C161A06}.Ad-Hoc|Any CPU.ActiveCfg = Release|Any CPU
		{31040790-9069-45D8-9717-BD000C161A06}.Ad-Hoc|Any CPU.Build.0 = Release|Any CPU
		{31040790-9069-45D8-9717-BD000C161A06}.Ad-Hoc|ARM.ActiveCfg = Release|Any CPU
		{31040790-9069-45D8-9717-BD000C161A06}.Ad-Hoc|ARM.Build.0 = Release|Any CPU
		{31040790-9069-45D8-9717-BD000C161A06}.Ad-Hoc|iPhone.ActiveCfg = Release|Any CPU
		{31040790-9069-45D8-9717-BD000C161A06}.Ad-Hoc|iPhone.Build.0 = Release|Any CPU
		{31040790-9069-45D8-9717-BD000C161A06}.Ad-Hoc|iPhoneSimulator.ActiveCfg = Release|Any CPU
		{31040790-9069-45D8-9717-BD000C161A06}.Ad-Hoc|iPhoneSimulator.Build.0 = Release|Any CPU
		{31040790-9069-45D8-9717-BD000C161A06}.Ad-Hoc|x64.ActiveCfg = Release|Any CPU
		{31040790-9069-45D8-9717-BD000C161A06}.Ad-Hoc|x64.Build.0 = Release|Any CPU
		{31040790-9069-45D8-9717-BD000C161A06}.Ad-Hoc|x86.ActiveCfg = Release|Any CPU
		{31040790-9069-45D8-9717-BD000C161A06}.Ad-Hoc|x86.Build.0 = Release|Any CPU
		{31040790-9069-45D8-9717-BD000C161A06}.AppStore|Any CPU.ActiveCfg = Release|Any CPU
		{31040790-9069-45D8-9717-BD000C161A06}.AppStore|Any CPU.Build.0 = Release|Any CPU
		{31040790-9069-45D8-9717-BD000C161A06}.AppStore|ARM.ActiveCfg = Release|Any CPU
		{31040790-9069-45D8-9717-BD000C161A06}.AppStore|ARM.Build.0 = Release|Any CPU
		{31040790-9069-45D8-9717-BD000C161A06}.AppStore|iPhone.ActiveCfg = Release|Any CPU
		{31040790-9069-45D8-9717-BD000C161A06}.AppStore|iPhone.Build.0 = Release|Any CPU
		{31040790-9069-45D8-9717-BD000C161A06}.AppStore|iPhoneSimulator.ActiveCfg = Release|Any CPU
		{31040790-9069-45D8-9717-BD000C161A06}.AppStore|iPhoneSimulator.Build.0 = Release|Any CPU
		{31040790-9069-45D8-9717-BD000C161A06}.AppStore|x64.ActiveCfg = Release|Any CPU
		{31040790-9069-45D8-9717-BD000C161A06}.AppStore|x64.Build.0 = Release|Any CPU
		{31040790-9069-45D8-9717-BD000C161A06}.AppStore|x86.ActiveCfg = Release|Any CPU
		{31040790-9069-45D8-9717-BD000C161A06}.AppStore|x86.Build.0 = Release|Any CPU
		{31040790-9069-45D8-9717-BD000C161A06}.Debug|Any CPU.ActiveCfg = Debug|Any CPU
		{31040790-9069-45D8-9717-BD000C161A06}.Debug|Any CPU.Build.0 = Debug|Any CPU
		{31040790-9069-45D8-9717-BD000C161A06}.Debug|ARM.ActiveCfg = Debug|Any CPU
		{31040790-9069-45D8-9717-BD000C161A06}.Debug|ARM.Build.0 = Debug|Any CPU
		{31040790-9069-45D8-9717-BD000C161A06}.Debug|iPhone.ActiveCfg = Debug|Any CPU
		{31040790-9069-45D8-9717-BD000C161A06}.Debug|iPhone.Build.0 = Debug|Any CPU
		{31040790-9069-45D8-9717-BD000C161A06}.Debug|iPhoneSimulator.ActiveCfg = Debug|Any CPU
		{31040790-9069-45D8-9717-BD000C161A06}.Debug|iPhoneSimulator.Build.0 = Debug|Any CPU
		{31040790-9069-45D8-9717-BD000C161A06}.Debug|x64.ActiveCfg = Debug|Any CPU
		{31040790-9069-45D8-9717-BD000C161A06}.Debug|x64.Build.0 = Debug|Any CPU
		{31040790-9069-45D8-9717-BD000C161A06}.Debug|x86.ActiveCfg = Debug|Any CPU
		{31040790-9069-45D8-9717-BD000C161A06}.Debug|x86.Build.0 = Debug|Any CPU
		{31040790-9069-45D8-9717-BD000C161A06}.Release|Any CPU.ActiveCfg = Release|Any CPU
		{31040790-9069-45D8-9717-BD000C161A06}.Release|Any CPU.Build.0 = Release|Any CPU
		{31040790-9069-45D8-9717-BD000C161A06}.Release|ARM.ActiveCfg = Release|Any CPU
		{31040790-9069-45D8-9717-BD000C161A06}.Release|ARM.Build.0 = Release|Any CPU
		{31040790-9069-45D8-9717-BD000C161A06}.Release|iPhone.ActiveCfg = Release|Any CPU
		{31040790-9069-45D8-9717-BD000C161A06}.Release|iPhone.Build.0 = Release|Any CPU
		{31040790-9069-45D8-9717-BD000C161A06}.Release|iPhoneSimulator.ActiveCfg = Release|Any CPU
		{31040790-9069-45D8-9717-BD000C161A06}.Release|iPhoneSimulator.Build.0 = Release|Any CPU
		{31040790-9069-45D8-9717-BD000C161A06}.Release|x64.ActiveCfg = Release|Any CPU
		{31040790-9069-45D8-9717-BD000C161A06}.Release|x64.Build.0 = Release|Any CPU
		{31040790-9069-45D8-9717-BD000C161A06}.Release|x86.ActiveCfg = Release|Any CPU
		{31040790-9069-45D8-9717-BD000C161A06}.Release|x86.Build.0 = Release|Any CPU
		{C7FB824B-66CB-4646-914F-06889BF2F3B6}.Ad-Hoc|Any CPU.ActiveCfg = Release|Any CPU
		{C7FB824B-66CB-4646-914F-06889BF2F3B6}.Ad-Hoc|Any CPU.Build.0 = Release|Any CPU
		{C7FB824B-66CB-4646-914F-06889BF2F3B6}.Ad-Hoc|ARM.ActiveCfg = Release|Any CPU
		{C7FB824B-66CB-4646-914F-06889BF2F3B6}.Ad-Hoc|ARM.Build.0 = Release|Any CPU
		{C7FB824B-66CB-4646-914F-06889BF2F3B6}.Ad-Hoc|iPhone.ActiveCfg = Release|Any CPU
		{C7FB824B-66CB-4646-914F-06889BF2F3B6}.Ad-Hoc|iPhone.Build.0 = Release|Any CPU
		{C7FB824B-66CB-4646-914F-06889BF2F3B6}.Ad-Hoc|iPhoneSimulator.ActiveCfg = Release|Any CPU
		{C7FB824B-66CB-4646-914F-06889BF2F3B6}.Ad-Hoc|iPhoneSimulator.Build.0 = Release|Any CPU
		{C7FB824B-66CB-4646-914F-06889BF2F3B6}.Ad-Hoc|x64.ActiveCfg = Release|Any CPU
		{C7FB824B-66CB-4646-914F-06889BF2F3B6}.Ad-Hoc|x64.Build.0 = Release|Any CPU
		{C7FB824B-66CB-4646-914F-06889BF2F3B6}.Ad-Hoc|x86.ActiveCfg = Release|Any CPU
		{C7FB824B-66CB-4646-914F-06889BF2F3B6}.Ad-Hoc|x86.Build.0 = Release|Any CPU
		{C7FB824B-66CB-4646-914F-06889BF2F3B6}.AppStore|Any CPU.ActiveCfg = Release|Any CPU
		{C7FB824B-66CB-4646-914F-06889BF2F3B6}.AppStore|Any CPU.Build.0 = Release|Any CPU
		{C7FB824B-66CB-4646-914F-06889BF2F3B6}.AppStore|ARM.ActiveCfg = Release|Any CPU
		{C7FB824B-66CB-4646-914F-06889BF2F3B6}.AppStore|ARM.Build.0 = Release|Any CPU
		{C7FB824B-66CB-4646-914F-06889BF2F3B6}.AppStore|iPhone.ActiveCfg = Release|Any CPU
		{C7FB824B-66CB-4646-914F-06889BF2F3B6}.AppStore|iPhone.Build.0 = Release|Any CPU
		{C7FB824B-66CB-4646-914F-06889BF2F3B6}.AppStore|iPhoneSimulator.ActiveCfg = Release|Any CPU
		{C7FB824B-66CB-4646-914F-06889BF2F3B6}.AppStore|iPhoneSimulator.Build.0 = Release|Any CPU
		{C7FB824B-66CB-4646-914F-06889BF2F3B6}.AppStore|x64.ActiveCfg = Release|Any CPU
		{C7FB824B-66CB-4646-914F-06889BF2F3B6}.AppStore|x64.Build.0 = Release|Any CPU
		{C7FB824B-66CB-4646-914F-06889BF2F3B6}.AppStore|x86.ActiveCfg = Release|Any CPU
		{C7FB824B-66CB-4646-914F-06889BF2F3B6}.AppStore|x86.Build.0 = Release|Any CPU
		{C7FB824B-66CB-4646-914F-06889BF2F3B6}.Debug|Any CPU.ActiveCfg = Debug|Any CPU
		{C7FB824B-66CB-4646-914F-06889BF2F3B6}.Debug|Any CPU.Build.0 = Debug|Any CPU
		{C7FB824B-66CB-4646-914F-06889BF2F3B6}.Debug|ARM.ActiveCfg = Debug|Any CPU
		{C7FB824B-66CB-4646-914F-06889BF2F3B6}.Debug|ARM.Build.0 = Debug|Any CPU
		{C7FB824B-66CB-4646-914F-06889BF2F3B6}.Debug|iPhone.ActiveCfg = Debug|Any CPU
		{C7FB824B-66CB-4646-914F-06889BF2F3B6}.Debug|iPhone.Build.0 = Debug|Any CPU
		{C7FB824B-66CB-4646-914F-06889BF2F3B6}.Debug|iPhoneSimulator.ActiveCfg = Debug|Any CPU
		{C7FB824B-66CB-4646-914F-06889BF2F3B6}.Debug|iPhoneSimulator.Build.0 = Debug|Any CPU
		{C7FB824B-66CB-4646-914F-06889BF2F3B6}.Debug|x64.ActiveCfg = Debug|Any CPU
		{C7FB824B-66CB-4646-914F-06889BF2F3B6}.Debug|x64.Build.0 = Debug|Any CPU
		{C7FB824B-66CB-4646-914F-06889BF2F3B6}.Debug|x86.ActiveCfg = Debug|Any CPU
		{C7FB824B-66CB-4646-914F-06889BF2F3B6}.Debug|x86.Build.0 = Debug|Any CPU
		{C7FB824B-66CB-4646-914F-06889BF2F3B6}.Release|Any CPU.ActiveCfg = Release|Any CPU
		{C7FB824B-66CB-4646-914F-06889BF2F3B6}.Release|Any CPU.Build.0 = Release|Any CPU
		{C7FB824B-66CB-4646-914F-06889BF2F3B6}.Release|ARM.ActiveCfg = Release|Any CPU
		{C7FB824B-66CB-4646-914F-06889BF2F3B6}.Release|ARM.Build.0 = Release|Any CPU
		{C7FB824B-66CB-4646-914F-06889BF2F3B6}.Release|iPhone.ActiveCfg = Release|Any CPU
		{C7FB824B-66CB-4646-914F-06889BF2F3B6}.Release|iPhone.Build.0 = Release|Any CPU
		{C7FB824B-66CB-4646-914F-06889BF2F3B6}.Release|iPhoneSimulator.ActiveCfg = Release|Any CPU
		{C7FB824B-66CB-4646-914F-06889BF2F3B6}.Release|iPhoneSimulator.Build.0 = Release|Any CPU
		{C7FB824B-66CB-4646-914F-06889BF2F3B6}.Release|x64.ActiveCfg = Release|Any CPU
		{C7FB824B-66CB-4646-914F-06889BF2F3B6}.Release|x64.Build.0 = Release|Any CPU
		{C7FB824B-66CB-4646-914F-06889BF2F3B6}.Release|x86.ActiveCfg = Release|Any CPU
		{C7FB824B-66CB-4646-914F-06889BF2F3B6}.Release|x86.Build.0 = Release|Any CPU
		{A7325225-3F4B-49F2-A219-2B42F30EEABB}.Ad-Hoc|Any CPU.ActiveCfg = Release|Any CPU
		{A7325225-3F4B-49F2-A219-2B42F30EEABB}.Ad-Hoc|Any CPU.Build.0 = Release|Any CPU
		{A7325225-3F4B-49F2-A219-2B42F30EEABB}.Ad-Hoc|ARM.ActiveCfg = Release|Any CPU
		{A7325225-3F4B-49F2-A219-2B42F30EEABB}.Ad-Hoc|ARM.Build.0 = Release|Any CPU
		{A7325225-3F4B-49F2-A219-2B42F30EEABB}.Ad-Hoc|iPhone.ActiveCfg = Release|Any CPU
		{A7325225-3F4B-49F2-A219-2B42F30EEABB}.Ad-Hoc|iPhone.Build.0 = Release|Any CPU
		{A7325225-3F4B-49F2-A219-2B42F30EEABB}.Ad-Hoc|iPhoneSimulator.ActiveCfg = Release|Any CPU
		{A7325225-3F4B-49F2-A219-2B42F30EEABB}.Ad-Hoc|iPhoneSimulator.Build.0 = Release|Any CPU
		{A7325225-3F4B-49F2-A219-2B42F30EEABB}.Ad-Hoc|x64.ActiveCfg = Release|Any CPU
		{A7325225-3F4B-49F2-A219-2B42F30EEABB}.Ad-Hoc|x64.Build.0 = Release|Any CPU
		{A7325225-3F4B-49F2-A219-2B42F30EEABB}.Ad-Hoc|x86.ActiveCfg = Release|Any CPU
		{A7325225-3F4B-49F2-A219-2B42F30EEABB}.Ad-Hoc|x86.Build.0 = Release|Any CPU
		{A7325225-3F4B-49F2-A219-2B42F30EEABB}.AppStore|Any CPU.ActiveCfg = Release|Any CPU
		{A7325225-3F4B-49F2-A219-2B42F30EEABB}.AppStore|Any CPU.Build.0 = Release|Any CPU
		{A7325225-3F4B-49F2-A219-2B42F30EEABB}.AppStore|ARM.ActiveCfg = Release|Any CPU
		{A7325225-3F4B-49F2-A219-2B42F30EEABB}.AppStore|ARM.Build.0 = Release|Any CPU
		{A7325225-3F4B-49F2-A219-2B42F30EEABB}.AppStore|iPhone.ActiveCfg = Release|Any CPU
		{A7325225-3F4B-49F2-A219-2B42F30EEABB}.AppStore|iPhone.Build.0 = Release|Any CPU
		{A7325225-3F4B-49F2-A219-2B42F30EEABB}.AppStore|iPhoneSimulator.ActiveCfg = Release|Any CPU
		{A7325225-3F4B-49F2-A219-2B42F30EEABB}.AppStore|iPhoneSimulator.Build.0 = Release|Any CPU
		{A7325225-3F4B-49F2-A219-2B42F30EEABB}.AppStore|x64.ActiveCfg = Release|Any CPU
		{A7325225-3F4B-49F2-A219-2B42F30EEABB}.AppStore|x64.Build.0 = Release|Any CPU
		{A7325225-3F4B-49F2-A219-2B42F30EEABB}.AppStore|x86.ActiveCfg = Release|Any CPU
		{A7325225-3F4B-49F2-A219-2B42F30EEABB}.AppStore|x86.Build.0 = Release|Any CPU
		{A7325225-3F4B-49F2-A219-2B42F30EEABB}.Debug|Any CPU.ActiveCfg = Debug|Any CPU
		{A7325225-3F4B-49F2-A219-2B42F30EEABB}.Debug|Any CPU.Build.0 = Debug|Any CPU
		{A7325225-3F4B-49F2-A219-2B42F30EEABB}.Debug|ARM.ActiveCfg = Debug|Any CPU
		{A7325225-3F4B-49F2-A219-2B42F30EEABB}.Debug|ARM.Build.0 = Debug|Any CPU
		{A7325225-3F4B-49F2-A219-2B42F30EEABB}.Debug|iPhone.ActiveCfg = Debug|Any CPU
		{A7325225-3F4B-49F2-A219-2B42F30EEABB}.Debug|iPhone.Build.0 = Debug|Any CPU
		{A7325225-3F4B-49F2-A219-2B42F30EEABB}.Debug|iPhoneSimulator.ActiveCfg = Debug|Any CPU
		{A7325225-3F4B-49F2-A219-2B42F30EEABB}.Debug|iPhoneSimulator.Build.0 = Debug|Any CPU
		{A7325225-3F4B-49F2-A219-2B42F30EEABB}.Debug|x64.ActiveCfg = Debug|Any CPU
		{A7325225-3F4B-49F2-A219-2B42F30EEABB}.Debug|x64.Build.0 = Debug|Any CPU
		{A7325225-3F4B-49F2-A219-2B42F30EEABB}.Debug|x86.ActiveCfg = Debug|Any CPU
		{A7325225-3F4B-49F2-A219-2B42F30EEABB}.Debug|x86.Build.0 = Debug|Any CPU
		{A7325225-3F4B-49F2-A219-2B42F30EEABB}.Release|Any CPU.ActiveCfg = Release|Any CPU
		{A7325225-3F4B-49F2-A219-2B42F30EEABB}.Release|Any CPU.Build.0 = Release|Any CPU
		{A7325225-3F4B-49F2-A219-2B42F30EEABB}.Release|ARM.ActiveCfg = Release|Any CPU
		{A7325225-3F4B-49F2-A219-2B42F30EEABB}.Release|ARM.Build.0 = Release|Any CPU
		{A7325225-3F4B-49F2-A219-2B42F30EEABB}.Release|iPhone.ActiveCfg = Release|Any CPU
		{A7325225-3F4B-49F2-A219-2B42F30EEABB}.Release|iPhone.Build.0 = Release|Any CPU
		{A7325225-3F4B-49F2-A219-2B42F30EEABB}.Release|iPhoneSimulator.ActiveCfg = Release|Any CPU
		{A7325225-3F4B-49F2-A219-2B42F30EEABB}.Release|iPhoneSimulator.Build.0 = Release|Any CPU
		{A7325225-3F4B-49F2-A219-2B42F30EEABB}.Release|x64.ActiveCfg = Release|Any CPU
		{A7325225-3F4B-49F2-A219-2B42F30EEABB}.Release|x64.Build.0 = Release|Any CPU
		{A7325225-3F4B-49F2-A219-2B42F30EEABB}.Release|x86.ActiveCfg = Release|Any CPU
		{A7325225-3F4B-49F2-A219-2B42F30EEABB}.Release|x86.Build.0 = Release|Any CPU
		{93EF9489-3E1B-47BD-A34E-0C6080AF4A96}.Ad-Hoc|Any CPU.ActiveCfg = Release|Any CPU
		{93EF9489-3E1B-47BD-A34E-0C6080AF4A96}.Ad-Hoc|Any CPU.Build.0 = Release|Any CPU
		{93EF9489-3E1B-47BD-A34E-0C6080AF4A96}.Ad-Hoc|ARM.ActiveCfg = Release|Any CPU
		{93EF9489-3E1B-47BD-A34E-0C6080AF4A96}.Ad-Hoc|ARM.Build.0 = Release|Any CPU
		{93EF9489-3E1B-47BD-A34E-0C6080AF4A96}.Ad-Hoc|iPhone.ActiveCfg = Release|Any CPU
		{93EF9489-3E1B-47BD-A34E-0C6080AF4A96}.Ad-Hoc|iPhone.Build.0 = Release|Any CPU
		{93EF9489-3E1B-47BD-A34E-0C6080AF4A96}.Ad-Hoc|iPhoneSimulator.ActiveCfg = Release|Any CPU
		{93EF9489-3E1B-47BD-A34E-0C6080AF4A96}.Ad-Hoc|iPhoneSimulator.Build.0 = Release|Any CPU
		{93EF9489-3E1B-47BD-A34E-0C6080AF4A96}.Ad-Hoc|x64.ActiveCfg = Release|Any CPU
		{93EF9489-3E1B-47BD-A34E-0C6080AF4A96}.Ad-Hoc|x64.Build.0 = Release|Any CPU
		{93EF9489-3E1B-47BD-A34E-0C6080AF4A96}.Ad-Hoc|x86.ActiveCfg = Release|Any CPU
		{93EF9489-3E1B-47BD-A34E-0C6080AF4A96}.Ad-Hoc|x86.Build.0 = Release|Any CPU
		{93EF9489-3E1B-47BD-A34E-0C6080AF4A96}.AppStore|Any CPU.ActiveCfg = Release|Any CPU
		{93EF9489-3E1B-47BD-A34E-0C6080AF4A96}.AppStore|Any CPU.Build.0 = Release|Any CPU
		{93EF9489-3E1B-47BD-A34E-0C6080AF4A96}.AppStore|ARM.ActiveCfg = Release|Any CPU
		{93EF9489-3E1B-47BD-A34E-0C6080AF4A96}.AppStore|ARM.Build.0 = Release|Any CPU
		{93EF9489-3E1B-47BD-A34E-0C6080AF4A96}.AppStore|iPhone.ActiveCfg = Release|Any CPU
		{93EF9489-3E1B-47BD-A34E-0C6080AF4A96}.AppStore|iPhone.Build.0 = Release|Any CPU
		{93EF9489-3E1B-47BD-A34E-0C6080AF4A96}.AppStore|iPhoneSimulator.ActiveCfg = Release|Any CPU
		{93EF9489-3E1B-47BD-A34E-0C6080AF4A96}.AppStore|iPhoneSimulator.Build.0 = Release|Any CPU
		{93EF9489-3E1B-47BD-A34E-0C6080AF4A96}.AppStore|x64.ActiveCfg = Release|Any CPU
		{93EF9489-3E1B-47BD-A34E-0C6080AF4A96}.AppStore|x64.Build.0 = Release|Any CPU
		{93EF9489-3E1B-47BD-A34E-0C6080AF4A96}.AppStore|x86.ActiveCfg = Release|Any CPU
		{93EF9489-3E1B-47BD-A34E-0C6080AF4A96}.AppStore|x86.Build.0 = Release|Any CPU
		{93EF9489-3E1B-47BD-A34E-0C6080AF4A96}.Debug|Any CPU.ActiveCfg = Debug|Any CPU
		{93EF9489-3E1B-47BD-A34E-0C6080AF4A96}.Debug|Any CPU.Build.0 = Debug|Any CPU
		{93EF9489-3E1B-47BD-A34E-0C6080AF4A96}.Debug|ARM.ActiveCfg = Debug|Any CPU
		{93EF9489-3E1B-47BD-A34E-0C6080AF4A96}.Debug|ARM.Build.0 = Debug|Any CPU
		{93EF9489-3E1B-47BD-A34E-0C6080AF4A96}.Debug|iPhone.ActiveCfg = Debug|Any CPU
		{93EF9489-3E1B-47BD-A34E-0C6080AF4A96}.Debug|iPhone.Build.0 = Debug|Any CPU
		{93EF9489-3E1B-47BD-A34E-0C6080AF4A96}.Debug|iPhoneSimulator.ActiveCfg = Debug|Any CPU
		{93EF9489-3E1B-47BD-A34E-0C6080AF4A96}.Debug|iPhoneSimulator.Build.0 = Debug|Any CPU
		{93EF9489-3E1B-47BD-A34E-0C6080AF4A96}.Debug|x64.ActiveCfg = Debug|Any CPU
		{93EF9489-3E1B-47BD-A34E-0C6080AF4A96}.Debug|x64.Build.0 = Debug|Any CPU
		{93EF9489-3E1B-47BD-A34E-0C6080AF4A96}.Debug|x86.ActiveCfg = Debug|Any CPU
		{93EF9489-3E1B-47BD-A34E-0C6080AF4A96}.Debug|x86.Build.0 = Debug|Any CPU
		{93EF9489-3E1B-47BD-A34E-0C6080AF4A96}.Release|Any CPU.ActiveCfg = Release|Any CPU
		{93EF9489-3E1B-47BD-A34E-0C6080AF4A96}.Release|Any CPU.Build.0 = Release|Any CPU
		{93EF9489-3E1B-47BD-A34E-0C6080AF4A96}.Release|ARM.ActiveCfg = Release|Any CPU
		{93EF9489-3E1B-47BD-A34E-0C6080AF4A96}.Release|ARM.Build.0 = Release|Any CPU
		{93EF9489-3E1B-47BD-A34E-0C6080AF4A96}.Release|iPhone.ActiveCfg = Release|Any CPU
		{93EF9489-3E1B-47BD-A34E-0C6080AF4A96}.Release|iPhone.Build.0 = Release|Any CPU
		{93EF9489-3E1B-47BD-A34E-0C6080AF4A96}.Release|iPhoneSimulator.ActiveCfg = Release|Any CPU
		{93EF9489-3E1B-47BD-A34E-0C6080AF4A96}.Release|iPhoneSimulator.Build.0 = Release|Any CPU
		{93EF9489-3E1B-47BD-A34E-0C6080AF4A96}.Release|x64.ActiveCfg = Release|Any CPU
		{93EF9489-3E1B-47BD-A34E-0C6080AF4A96}.Release|x64.Build.0 = Release|Any CPU
		{93EF9489-3E1B-47BD-A34E-0C6080AF4A96}.Release|x86.ActiveCfg = Release|Any CPU
		{93EF9489-3E1B-47BD-A34E-0C6080AF4A96}.Release|x86.Build.0 = Release|Any CPU
		{D70850D8-8C19-462C-9B71-13DADC08BF0C}.Ad-Hoc|Any CPU.ActiveCfg = Release|Any CPU
		{D70850D8-8C19-462C-9B71-13DADC08BF0C}.Ad-Hoc|Any CPU.Build.0 = Release|Any CPU
		{D70850D8-8C19-462C-9B71-13DADC08BF0C}.Ad-Hoc|ARM.ActiveCfg = Release|Any CPU
		{D70850D8-8C19-462C-9B71-13DADC08BF0C}.Ad-Hoc|ARM.Build.0 = Release|Any CPU
		{D70850D8-8C19-462C-9B71-13DADC08BF0C}.Ad-Hoc|iPhone.ActiveCfg = Release|Any CPU
		{D70850D8-8C19-462C-9B71-13DADC08BF0C}.Ad-Hoc|iPhone.Build.0 = Release|Any CPU
		{D70850D8-8C19-462C-9B71-13DADC08BF0C}.Ad-Hoc|iPhoneSimulator.ActiveCfg = Release|Any CPU
		{D70850D8-8C19-462C-9B71-13DADC08BF0C}.Ad-Hoc|iPhoneSimulator.Build.0 = Release|Any CPU
		{D70850D8-8C19-462C-9B71-13DADC08BF0C}.Ad-Hoc|x64.ActiveCfg = Release|Any CPU
		{D70850D8-8C19-462C-9B71-13DADC08BF0C}.Ad-Hoc|x64.Build.0 = Release|Any CPU
		{D70850D8-8C19-462C-9B71-13DADC08BF0C}.Ad-Hoc|x86.ActiveCfg = Release|Any CPU
		{D70850D8-8C19-462C-9B71-13DADC08BF0C}.Ad-Hoc|x86.Build.0 = Release|Any CPU
		{D70850D8-8C19-462C-9B71-13DADC08BF0C}.AppStore|Any CPU.ActiveCfg = Release|Any CPU
		{D70850D8-8C19-462C-9B71-13DADC08BF0C}.AppStore|Any CPU.Build.0 = Release|Any CPU
		{D70850D8-8C19-462C-9B71-13DADC08BF0C}.AppStore|ARM.ActiveCfg = Release|Any CPU
		{D70850D8-8C19-462C-9B71-13DADC08BF0C}.AppStore|ARM.Build.0 = Release|Any CPU
		{D70850D8-8C19-462C-9B71-13DADC08BF0C}.AppStore|iPhone.ActiveCfg = Release|Any CPU
		{D70850D8-8C19-462C-9B71-13DADC08BF0C}.AppStore|iPhone.Build.0 = Release|Any CPU
		{D70850D8-8C19-462C-9B71-13DADC08BF0C}.AppStore|iPhoneSimulator.ActiveCfg = Release|Any CPU
		{D70850D8-8C19-462C-9B71-13DADC08BF0C}.AppStore|iPhoneSimulator.Build.0 = Release|Any CPU
		{D70850D8-8C19-462C-9B71-13DADC08BF0C}.AppStore|x64.ActiveCfg = Release|Any CPU
		{D70850D8-8C19-462C-9B71-13DADC08BF0C}.AppStore|x64.Build.0 = Release|Any CPU
		{D70850D8-8C19-462C-9B71-13DADC08BF0C}.AppStore|x86.ActiveCfg = Release|Any CPU
		{D70850D8-8C19-462C-9B71-13DADC08BF0C}.AppStore|x86.Build.0 = Release|Any CPU
		{D70850D8-8C19-462C-9B71-13DADC08BF0C}.Debug|Any CPU.ActiveCfg = Debug|Any CPU
		{D70850D8-8C19-462C-9B71-13DADC08BF0C}.Debug|Any CPU.Build.0 = Debug|Any CPU
		{D70850D8-8C19-462C-9B71-13DADC08BF0C}.Debug|ARM.ActiveCfg = Debug|Any CPU
		{D70850D8-8C19-462C-9B71-13DADC08BF0C}.Debug|ARM.Build.0 = Debug|Any CPU
		{D70850D8-8C19-462C-9B71-13DADC08BF0C}.Debug|iPhone.ActiveCfg = Debug|Any CPU
		{D70850D8-8C19-462C-9B71-13DADC08BF0C}.Debug|iPhone.Build.0 = Debug|Any CPU
		{D70850D8-8C19-462C-9B71-13DADC08BF0C}.Debug|iPhoneSimulator.ActiveCfg = Debug|Any CPU
		{D70850D8-8C19-462C-9B71-13DADC08BF0C}.Debug|iPhoneSimulator.Build.0 = Debug|Any CPU
		{D70850D8-8C19-462C-9B71-13DADC08BF0C}.Debug|x64.ActiveCfg = Debug|Any CPU
		{D70850D8-8C19-462C-9B71-13DADC08BF0C}.Debug|x64.Build.0 = Debug|Any CPU
		{D70850D8-8C19-462C-9B71-13DADC08BF0C}.Debug|x86.ActiveCfg = Debug|Any CPU
		{D70850D8-8C19-462C-9B71-13DADC08BF0C}.Debug|x86.Build.0 = Debug|Any CPU
		{D70850D8-8C19-462C-9B71-13DADC08BF0C}.Release|Any CPU.ActiveCfg = Release|Any CPU
		{D70850D8-8C19-462C-9B71-13DADC08BF0C}.Release|Any CPU.Build.0 = Release|Any CPU
		{D70850D8-8C19-462C-9B71-13DADC08BF0C}.Release|ARM.ActiveCfg = Release|Any CPU
		{D70850D8-8C19-462C-9B71-13DADC08BF0C}.Release|ARM.Build.0 = Release|Any CPU
		{D70850D8-8C19-462C-9B71-13DADC08BF0C}.Release|iPhone.ActiveCfg = Release|Any CPU
		{D70850D8-8C19-462C-9B71-13DADC08BF0C}.Release|iPhone.Build.0 = Release|Any CPU
		{D70850D8-8C19-462C-9B71-13DADC08BF0C}.Release|iPhoneSimulator.ActiveCfg = Release|Any CPU
		{D70850D8-8C19-462C-9B71-13DADC08BF0C}.Release|iPhoneSimulator.Build.0 = Release|Any CPU
		{D70850D8-8C19-462C-9B71-13DADC08BF0C}.Release|x64.ActiveCfg = Release|Any CPU
		{D70850D8-8C19-462C-9B71-13DADC08BF0C}.Release|x64.Build.0 = Release|Any CPU
		{D70850D8-8C19-462C-9B71-13DADC08BF0C}.Release|x86.ActiveCfg = Release|Any CPU
		{D70850D8-8C19-462C-9B71-13DADC08BF0C}.Release|x86.Build.0 = Release|Any CPU
		{E1C7EB7F-C3E9-48B9-8808-F22F35276512}.Ad-Hoc|Any CPU.ActiveCfg = Release|Any CPU
		{E1C7EB7F-C3E9-48B9-8808-F22F35276512}.Ad-Hoc|Any CPU.Build.0 = Release|Any CPU
		{E1C7EB7F-C3E9-48B9-8808-F22F35276512}.Ad-Hoc|ARM.ActiveCfg = Release|Any CPU
		{E1C7EB7F-C3E9-48B9-8808-F22F35276512}.Ad-Hoc|ARM.Build.0 = Release|Any CPU
		{E1C7EB7F-C3E9-48B9-8808-F22F35276512}.Ad-Hoc|iPhone.ActiveCfg = Release|Any CPU
		{E1C7EB7F-C3E9-48B9-8808-F22F35276512}.Ad-Hoc|iPhone.Build.0 = Release|Any CPU
		{E1C7EB7F-C3E9-48B9-8808-F22F35276512}.Ad-Hoc|iPhoneSimulator.ActiveCfg = Release|Any CPU
		{E1C7EB7F-C3E9-48B9-8808-F22F35276512}.Ad-Hoc|iPhoneSimulator.Build.0 = Release|Any CPU
		{E1C7EB7F-C3E9-48B9-8808-F22F35276512}.Ad-Hoc|x64.ActiveCfg = Release|Any CPU
		{E1C7EB7F-C3E9-48B9-8808-F22F35276512}.Ad-Hoc|x64.Build.0 = Release|Any CPU
		{E1C7EB7F-C3E9-48B9-8808-F22F35276512}.Ad-Hoc|x86.ActiveCfg = Release|Any CPU
		{E1C7EB7F-C3E9-48B9-8808-F22F35276512}.Ad-Hoc|x86.Build.0 = Release|Any CPU
		{E1C7EB7F-C3E9-48B9-8808-F22F35276512}.AppStore|Any CPU.ActiveCfg = Release|Any CPU
		{E1C7EB7F-C3E9-48B9-8808-F22F35276512}.AppStore|Any CPU.Build.0 = Release|Any CPU
		{E1C7EB7F-C3E9-48B9-8808-F22F35276512}.AppStore|ARM.ActiveCfg = Release|Any CPU
		{E1C7EB7F-C3E9-48B9-8808-F22F35276512}.AppStore|ARM.Build.0 = Release|Any CPU
		{E1C7EB7F-C3E9-48B9-8808-F22F35276512}.AppStore|iPhone.ActiveCfg = Release|Any CPU
		{E1C7EB7F-C3E9-48B9-8808-F22F35276512}.AppStore|iPhone.Build.0 = Release|Any CPU
		{E1C7EB7F-C3E9-48B9-8808-F22F35276512}.AppStore|iPhoneSimulator.ActiveCfg = Release|Any CPU
		{E1C7EB7F-C3E9-48B9-8808-F22F35276512}.AppStore|iPhoneSimulator.Build.0 = Release|Any CPU
		{E1C7EB7F-C3E9-48B9-8808-F22F35276512}.AppStore|x64.ActiveCfg = Release|Any CPU
		{E1C7EB7F-C3E9-48B9-8808-F22F35276512}.AppStore|x64.Build.0 = Release|Any CPU
		{E1C7EB7F-C3E9-48B9-8808-F22F35276512}.AppStore|x86.ActiveCfg = Release|Any CPU
		{E1C7EB7F-C3E9-48B9-8808-F22F35276512}.AppStore|x86.Build.0 = Release|Any CPU
		{E1C7EB7F-C3E9-48B9-8808-F22F35276512}.Debug|Any CPU.ActiveCfg = Debug|Any CPU
		{E1C7EB7F-C3E9-48B9-8808-F22F35276512}.Debug|Any CPU.Build.0 = Debug|Any CPU
		{E1C7EB7F-C3E9-48B9-8808-F22F35276512}.Debug|ARM.ActiveCfg = Debug|Any CPU
		{E1C7EB7F-C3E9-48B9-8808-F22F35276512}.Debug|ARM.Build.0 = Debug|Any CPU
		{E1C7EB7F-C3E9-48B9-8808-F22F35276512}.Debug|iPhone.ActiveCfg = Debug|Any CPU
		{E1C7EB7F-C3E9-48B9-8808-F22F35276512}.Debug|iPhone.Build.0 = Debug|Any CPU
		{E1C7EB7F-C3E9-48B9-8808-F22F35276512}.Debug|iPhoneSimulator.ActiveCfg = Debug|Any CPU
		{E1C7EB7F-C3E9-48B9-8808-F22F35276512}.Debug|iPhoneSimulator.Build.0 = Debug|Any CPU
		{E1C7EB7F-C3E9-48B9-8808-F22F35276512}.Debug|x64.ActiveCfg = Debug|Any CPU
		{E1C7EB7F-C3E9-48B9-8808-F22F35276512}.Debug|x64.Build.0 = Debug|Any CPU
		{E1C7EB7F-C3E9-48B9-8808-F22F35276512}.Debug|x86.ActiveCfg = Debug|Any CPU
		{E1C7EB7F-C3E9-48B9-8808-F22F35276512}.Debug|x86.Build.0 = Debug|Any CPU
		{E1C7EB7F-C3E9-48B9-8808-F22F35276512}.Release|Any CPU.ActiveCfg = Release|Any CPU
		{E1C7EB7F-C3E9-48B9-8808-F22F35276512}.Release|Any CPU.Build.0 = Release|Any CPU
		{E1C7EB7F-C3E9-48B9-8808-F22F35276512}.Release|ARM.ActiveCfg = Release|Any CPU
		{E1C7EB7F-C3E9-48B9-8808-F22F35276512}.Release|ARM.Build.0 = Release|Any CPU
		{E1C7EB7F-C3E9-48B9-8808-F22F35276512}.Release|iPhone.ActiveCfg = Release|Any CPU
		{E1C7EB7F-C3E9-48B9-8808-F22F35276512}.Release|iPhone.Build.0 = Release|Any CPU
		{E1C7EB7F-C3E9-48B9-8808-F22F35276512}.Release|iPhoneSimulator.ActiveCfg = Release|Any CPU
		{E1C7EB7F-C3E9-48B9-8808-F22F35276512}.Release|iPhoneSimulator.Build.0 = Release|Any CPU
		{E1C7EB7F-C3E9-48B9-8808-F22F35276512}.Release|x64.ActiveCfg = Release|Any CPU
		{E1C7EB7F-C3E9-48B9-8808-F22F35276512}.Release|x64.Build.0 = Release|Any CPU
		{E1C7EB7F-C3E9-48B9-8808-F22F35276512}.Release|x86.ActiveCfg = Release|Any CPU
		{E1C7EB7F-C3E9-48B9-8808-F22F35276512}.Release|x86.Build.0 = Release|Any CPU
		{5302D6B3-6829-4647-9F1C-23E016C4731C}.Ad-Hoc|Any CPU.ActiveCfg = Release|Any CPU
		{5302D6B3-6829-4647-9F1C-23E016C4731C}.Ad-Hoc|Any CPU.Build.0 = Release|Any CPU
		{5302D6B3-6829-4647-9F1C-23E016C4731C}.Ad-Hoc|ARM.ActiveCfg = Release|Any CPU
		{5302D6B3-6829-4647-9F1C-23E016C4731C}.Ad-Hoc|ARM.Build.0 = Release|Any CPU
		{5302D6B3-6829-4647-9F1C-23E016C4731C}.Ad-Hoc|iPhone.ActiveCfg = Release|Any CPU
		{5302D6B3-6829-4647-9F1C-23E016C4731C}.Ad-Hoc|iPhone.Build.0 = Release|Any CPU
		{5302D6B3-6829-4647-9F1C-23E016C4731C}.Ad-Hoc|iPhoneSimulator.ActiveCfg = Release|Any CPU
		{5302D6B3-6829-4647-9F1C-23E016C4731C}.Ad-Hoc|iPhoneSimulator.Build.0 = Release|Any CPU
		{5302D6B3-6829-4647-9F1C-23E016C4731C}.Ad-Hoc|x64.ActiveCfg = Release|Any CPU
		{5302D6B3-6829-4647-9F1C-23E016C4731C}.Ad-Hoc|x64.Build.0 = Release|Any CPU
		{5302D6B3-6829-4647-9F1C-23E016C4731C}.Ad-Hoc|x86.ActiveCfg = Release|Any CPU
		{5302D6B3-6829-4647-9F1C-23E016C4731C}.Ad-Hoc|x86.Build.0 = Release|Any CPU
		{5302D6B3-6829-4647-9F1C-23E016C4731C}.AppStore|Any CPU.ActiveCfg = Release|Any CPU
		{5302D6B3-6829-4647-9F1C-23E016C4731C}.AppStore|Any CPU.Build.0 = Release|Any CPU
		{5302D6B3-6829-4647-9F1C-23E016C4731C}.AppStore|ARM.ActiveCfg = Release|Any CPU
		{5302D6B3-6829-4647-9F1C-23E016C4731C}.AppStore|ARM.Build.0 = Release|Any CPU
		{5302D6B3-6829-4647-9F1C-23E016C4731C}.AppStore|iPhone.ActiveCfg = Release|Any CPU
		{5302D6B3-6829-4647-9F1C-23E016C4731C}.AppStore|iPhone.Build.0 = Release|Any CPU
		{5302D6B3-6829-4647-9F1C-23E016C4731C}.AppStore|iPhoneSimulator.ActiveCfg = Release|Any CPU
		{5302D6B3-6829-4647-9F1C-23E016C4731C}.AppStore|iPhoneSimulator.Build.0 = Release|Any CPU
		{5302D6B3-6829-4647-9F1C-23E016C4731C}.AppStore|x64.ActiveCfg = Release|Any CPU
		{5302D6B3-6829-4647-9F1C-23E016C4731C}.AppStore|x64.Build.0 = Release|Any CPU
		{5302D6B3-6829-4647-9F1C-23E016C4731C}.AppStore|x86.ActiveCfg = Release|Any CPU
		{5302D6B3-6829-4647-9F1C-23E016C4731C}.AppStore|x86.Build.0 = Release|Any CPU
		{5302D6B3-6829-4647-9F1C-23E016C4731C}.Debug|Any CPU.ActiveCfg = Debug|Any CPU
		{5302D6B3-6829-4647-9F1C-23E016C4731C}.Debug|Any CPU.Build.0 = Debug|Any CPU
		{5302D6B3-6829-4647-9F1C-23E016C4731C}.Debug|ARM.ActiveCfg = Debug|Any CPU
		{5302D6B3-6829-4647-9F1C-23E016C4731C}.Debug|ARM.Build.0 = Debug|Any CPU
		{5302D6B3-6829-4647-9F1C-23E016C4731C}.Debug|iPhone.ActiveCfg = Debug|Any CPU
		{5302D6B3-6829-4647-9F1C-23E016C4731C}.Debug|iPhone.Build.0 = Debug|Any CPU
		{5302D6B3-6829-4647-9F1C-23E016C4731C}.Debug|iPhoneSimulator.ActiveCfg = Debug|Any CPU
		{5302D6B3-6829-4647-9F1C-23E016C4731C}.Debug|iPhoneSimulator.Build.0 = Debug|Any CPU
		{5302D6B3-6829-4647-9F1C-23E016C4731C}.Debug|x64.ActiveCfg = Debug|Any CPU
		{5302D6B3-6829-4647-9F1C-23E016C4731C}.Debug|x64.Build.0 = Debug|Any CPU
		{5302D6B3-6829-4647-9F1C-23E016C4731C}.Debug|x86.ActiveCfg = Debug|Any CPU
		{5302D6B3-6829-4647-9F1C-23E016C4731C}.Debug|x86.Build.0 = Debug|Any CPU
		{5302D6B3-6829-4647-9F1C-23E016C4731C}.Release|Any CPU.ActiveCfg = Release|Any CPU
		{5302D6B3-6829-4647-9F1C-23E016C4731C}.Release|Any CPU.Build.0 = Release|Any CPU
		{5302D6B3-6829-4647-9F1C-23E016C4731C}.Release|ARM.ActiveCfg = Release|Any CPU
		{5302D6B3-6829-4647-9F1C-23E016C4731C}.Release|ARM.Build.0 = Release|Any CPU
		{5302D6B3-6829-4647-9F1C-23E016C4731C}.Release|iPhone.ActiveCfg = Release|Any CPU
		{5302D6B3-6829-4647-9F1C-23E016C4731C}.Release|iPhone.Build.0 = Release|Any CPU
		{5302D6B3-6829-4647-9F1C-23E016C4731C}.Release|iPhoneSimulator.ActiveCfg = Release|Any CPU
		{5302D6B3-6829-4647-9F1C-23E016C4731C}.Release|iPhoneSimulator.Build.0 = Release|Any CPU
		{5302D6B3-6829-4647-9F1C-23E016C4731C}.Release|x64.ActiveCfg = Release|Any CPU
		{5302D6B3-6829-4647-9F1C-23E016C4731C}.Release|x64.Build.0 = Release|Any CPU
		{5302D6B3-6829-4647-9F1C-23E016C4731C}.Release|x86.ActiveCfg = Release|Any CPU
		{5302D6B3-6829-4647-9F1C-23E016C4731C}.Release|x86.Build.0 = Release|Any CPU
		{DDA159DE-2397-48DD-94F7-90A6C7D52CE4}.Ad-Hoc|Any CPU.ActiveCfg = Debug|Any CPU
		{DDA159DE-2397-48DD-94F7-90A6C7D52CE4}.Ad-Hoc|Any CPU.Build.0 = Debug|Any CPU
		{DDA159DE-2397-48DD-94F7-90A6C7D52CE4}.Ad-Hoc|ARM.ActiveCfg = Debug|Any CPU
		{DDA159DE-2397-48DD-94F7-90A6C7D52CE4}.Ad-Hoc|ARM.Build.0 = Debug|Any CPU
		{DDA159DE-2397-48DD-94F7-90A6C7D52CE4}.Ad-Hoc|iPhone.ActiveCfg = Debug|Any CPU
		{DDA159DE-2397-48DD-94F7-90A6C7D52CE4}.Ad-Hoc|iPhone.Build.0 = Debug|Any CPU
		{DDA159DE-2397-48DD-94F7-90A6C7D52CE4}.Ad-Hoc|iPhoneSimulator.ActiveCfg = Debug|Any CPU
		{DDA159DE-2397-48DD-94F7-90A6C7D52CE4}.Ad-Hoc|iPhoneSimulator.Build.0 = Debug|Any CPU
		{DDA159DE-2397-48DD-94F7-90A6C7D52CE4}.Ad-Hoc|x64.ActiveCfg = Debug|Any CPU
		{DDA159DE-2397-48DD-94F7-90A6C7D52CE4}.Ad-Hoc|x64.Build.0 = Debug|Any CPU
		{DDA159DE-2397-48DD-94F7-90A6C7D52CE4}.Ad-Hoc|x86.ActiveCfg = Debug|Any CPU
		{DDA159DE-2397-48DD-94F7-90A6C7D52CE4}.Ad-Hoc|x86.Build.0 = Debug|Any CPU
		{DDA159DE-2397-48DD-94F7-90A6C7D52CE4}.AppStore|Any CPU.ActiveCfg = Debug|Any CPU
		{DDA159DE-2397-48DD-94F7-90A6C7D52CE4}.AppStore|Any CPU.Build.0 = Debug|Any CPU
		{DDA159DE-2397-48DD-94F7-90A6C7D52CE4}.AppStore|ARM.ActiveCfg = Debug|Any CPU
		{DDA159DE-2397-48DD-94F7-90A6C7D52CE4}.AppStore|ARM.Build.0 = Debug|Any CPU
		{DDA159DE-2397-48DD-94F7-90A6C7D52CE4}.AppStore|iPhone.ActiveCfg = Debug|Any CPU
		{DDA159DE-2397-48DD-94F7-90A6C7D52CE4}.AppStore|iPhone.Build.0 = Debug|Any CPU
		{DDA159DE-2397-48DD-94F7-90A6C7D52CE4}.AppStore|iPhoneSimulator.ActiveCfg = Debug|Any CPU
		{DDA159DE-2397-48DD-94F7-90A6C7D52CE4}.AppStore|iPhoneSimulator.Build.0 = Debug|Any CPU
		{DDA159DE-2397-48DD-94F7-90A6C7D52CE4}.AppStore|x64.ActiveCfg = Debug|Any CPU
		{DDA159DE-2397-48DD-94F7-90A6C7D52CE4}.AppStore|x64.Build.0 = Debug|Any CPU
		{DDA159DE-2397-48DD-94F7-90A6C7D52CE4}.AppStore|x86.ActiveCfg = Debug|Any CPU
		{DDA159DE-2397-48DD-94F7-90A6C7D52CE4}.AppStore|x86.Build.0 = Debug|Any CPU
		{DDA159DE-2397-48DD-94F7-90A6C7D52CE4}.Debug|Any CPU.ActiveCfg = Debug|Any CPU
		{DDA159DE-2397-48DD-94F7-90A6C7D52CE4}.Debug|Any CPU.Build.0 = Debug|Any CPU
		{DDA159DE-2397-48DD-94F7-90A6C7D52CE4}.Debug|ARM.ActiveCfg = Debug|Any CPU
		{DDA159DE-2397-48DD-94F7-90A6C7D52CE4}.Debug|ARM.Build.0 = Debug|Any CPU
		{DDA159DE-2397-48DD-94F7-90A6C7D52CE4}.Debug|iPhone.ActiveCfg = Debug|Any CPU
		{DDA159DE-2397-48DD-94F7-90A6C7D52CE4}.Debug|iPhone.Build.0 = Debug|Any CPU
		{DDA159DE-2397-48DD-94F7-90A6C7D52CE4}.Debug|iPhoneSimulator.ActiveCfg = Debug|Any CPU
		{DDA159DE-2397-48DD-94F7-90A6C7D52CE4}.Debug|iPhoneSimulator.Build.0 = Debug|Any CPU
		{DDA159DE-2397-48DD-94F7-90A6C7D52CE4}.Debug|x64.ActiveCfg = Debug|Any CPU
		{DDA159DE-2397-48DD-94F7-90A6C7D52CE4}.Debug|x64.Build.0 = Debug|Any CPU
		{DDA159DE-2397-48DD-94F7-90A6C7D52CE4}.Debug|x86.ActiveCfg = Debug|Any CPU
		{DDA159DE-2397-48DD-94F7-90A6C7D52CE4}.Debug|x86.Build.0 = Debug|Any CPU
		{DDA159DE-2397-48DD-94F7-90A6C7D52CE4}.Release|Any CPU.ActiveCfg = Release|Any CPU
		{DDA159DE-2397-48DD-94F7-90A6C7D52CE4}.Release|Any CPU.Build.0 = Release|Any CPU
		{DDA159DE-2397-48DD-94F7-90A6C7D52CE4}.Release|ARM.ActiveCfg = Release|Any CPU
		{DDA159DE-2397-48DD-94F7-90A6C7D52CE4}.Release|ARM.Build.0 = Release|Any CPU
		{DDA159DE-2397-48DD-94F7-90A6C7D52CE4}.Release|iPhone.ActiveCfg = Release|Any CPU
		{DDA159DE-2397-48DD-94F7-90A6C7D52CE4}.Release|iPhone.Build.0 = Release|Any CPU
		{DDA159DE-2397-48DD-94F7-90A6C7D52CE4}.Release|iPhoneSimulator.ActiveCfg = Release|Any CPU
		{DDA159DE-2397-48DD-94F7-90A6C7D52CE4}.Release|iPhoneSimulator.Build.0 = Release|Any CPU
		{DDA159DE-2397-48DD-94F7-90A6C7D52CE4}.Release|x64.ActiveCfg = Release|Any CPU
		{DDA159DE-2397-48DD-94F7-90A6C7D52CE4}.Release|x64.Build.0 = Release|Any CPU
		{DDA159DE-2397-48DD-94F7-90A6C7D52CE4}.Release|x86.ActiveCfg = Release|Any CPU
		{DDA159DE-2397-48DD-94F7-90A6C7D52CE4}.Release|x86.Build.0 = Release|Any CPU
		{0172F902-4B26-4097-8809-888CD659288E}.Ad-Hoc|Any CPU.ActiveCfg = Release|Any CPU
		{0172F902-4B26-4097-8809-888CD659288E}.Ad-Hoc|Any CPU.Build.0 = Release|Any CPU
		{0172F902-4B26-4097-8809-888CD659288E}.Ad-Hoc|Any CPU.Deploy.0 = Release|Any CPU
		{0172F902-4B26-4097-8809-888CD659288E}.Ad-Hoc|ARM.ActiveCfg = Release|Any CPU
		{0172F902-4B26-4097-8809-888CD659288E}.Ad-Hoc|ARM.Build.0 = Release|Any CPU
		{0172F902-4B26-4097-8809-888CD659288E}.Ad-Hoc|ARM.Deploy.0 = Release|Any CPU
		{0172F902-4B26-4097-8809-888CD659288E}.Ad-Hoc|iPhone.ActiveCfg = Release|Any CPU
		{0172F902-4B26-4097-8809-888CD659288E}.Ad-Hoc|iPhone.Build.0 = Release|Any CPU
		{0172F902-4B26-4097-8809-888CD659288E}.Ad-Hoc|iPhone.Deploy.0 = Release|Any CPU
		{0172F902-4B26-4097-8809-888CD659288E}.Ad-Hoc|iPhoneSimulator.ActiveCfg = Release|Any CPU
		{0172F902-4B26-4097-8809-888CD659288E}.Ad-Hoc|iPhoneSimulator.Build.0 = Release|Any CPU
		{0172F902-4B26-4097-8809-888CD659288E}.Ad-Hoc|iPhoneSimulator.Deploy.0 = Release|Any CPU
		{0172F902-4B26-4097-8809-888CD659288E}.Ad-Hoc|x64.ActiveCfg = Release|Any CPU
		{0172F902-4B26-4097-8809-888CD659288E}.Ad-Hoc|x64.Build.0 = Release|Any CPU
		{0172F902-4B26-4097-8809-888CD659288E}.Ad-Hoc|x64.Deploy.0 = Release|Any CPU
		{0172F902-4B26-4097-8809-888CD659288E}.Ad-Hoc|x86.ActiveCfg = Release|Any CPU
		{0172F902-4B26-4097-8809-888CD659288E}.Ad-Hoc|x86.Build.0 = Release|Any CPU
		{0172F902-4B26-4097-8809-888CD659288E}.Ad-Hoc|x86.Deploy.0 = Release|Any CPU
		{0172F902-4B26-4097-8809-888CD659288E}.AppStore|Any CPU.ActiveCfg = Release|Any CPU
		{0172F902-4B26-4097-8809-888CD659288E}.AppStore|Any CPU.Build.0 = Release|Any CPU
		{0172F902-4B26-4097-8809-888CD659288E}.AppStore|Any CPU.Deploy.0 = Release|Any CPU
		{0172F902-4B26-4097-8809-888CD659288E}.AppStore|ARM.ActiveCfg = Release|Any CPU
		{0172F902-4B26-4097-8809-888CD659288E}.AppStore|ARM.Build.0 = Release|Any CPU
		{0172F902-4B26-4097-8809-888CD659288E}.AppStore|ARM.Deploy.0 = Release|Any CPU
		{0172F902-4B26-4097-8809-888CD659288E}.AppStore|iPhone.ActiveCfg = Release|Any CPU
		{0172F902-4B26-4097-8809-888CD659288E}.AppStore|iPhone.Build.0 = Release|Any CPU
		{0172F902-4B26-4097-8809-888CD659288E}.AppStore|iPhone.Deploy.0 = Release|Any CPU
		{0172F902-4B26-4097-8809-888CD659288E}.AppStore|iPhoneSimulator.ActiveCfg = Release|Any CPU
		{0172F902-4B26-4097-8809-888CD659288E}.AppStore|iPhoneSimulator.Build.0 = Release|Any CPU
		{0172F902-4B26-4097-8809-888CD659288E}.AppStore|iPhoneSimulator.Deploy.0 = Release|Any CPU
		{0172F902-4B26-4097-8809-888CD659288E}.AppStore|x64.ActiveCfg = Release|Any CPU
		{0172F902-4B26-4097-8809-888CD659288E}.AppStore|x64.Build.0 = Release|Any CPU
		{0172F902-4B26-4097-8809-888CD659288E}.AppStore|x64.Deploy.0 = Release|Any CPU
		{0172F902-4B26-4097-8809-888CD659288E}.AppStore|x86.ActiveCfg = Release|Any CPU
		{0172F902-4B26-4097-8809-888CD659288E}.AppStore|x86.Build.0 = Release|Any CPU
		{0172F902-4B26-4097-8809-888CD659288E}.AppStore|x86.Deploy.0 = Release|Any CPU
		{0172F902-4B26-4097-8809-888CD659288E}.Debug|Any CPU.ActiveCfg = Debug|Any CPU
		{0172F902-4B26-4097-8809-888CD659288E}.Debug|Any CPU.Build.0 = Debug|Any CPU
		{0172F902-4B26-4097-8809-888CD659288E}.Debug|Any CPU.Deploy.0 = Debug|Any CPU
		{0172F902-4B26-4097-8809-888CD659288E}.Debug|ARM.ActiveCfg = Debug|Any CPU
		{0172F902-4B26-4097-8809-888CD659288E}.Debug|ARM.Build.0 = Debug|Any CPU
		{0172F902-4B26-4097-8809-888CD659288E}.Debug|ARM.Deploy.0 = Debug|Any CPU
		{0172F902-4B26-4097-8809-888CD659288E}.Debug|iPhone.ActiveCfg = Debug|Any CPU
		{0172F902-4B26-4097-8809-888CD659288E}.Debug|iPhone.Build.0 = Debug|Any CPU
		{0172F902-4B26-4097-8809-888CD659288E}.Debug|iPhone.Deploy.0 = Debug|Any CPU
		{0172F902-4B26-4097-8809-888CD659288E}.Debug|iPhoneSimulator.ActiveCfg = Debug|Any CPU
		{0172F902-4B26-4097-8809-888CD659288E}.Debug|iPhoneSimulator.Build.0 = Debug|Any CPU
		{0172F902-4B26-4097-8809-888CD659288E}.Debug|iPhoneSimulator.Deploy.0 = Debug|Any CPU
		{0172F902-4B26-4097-8809-888CD659288E}.Debug|x64.ActiveCfg = Debug|Any CPU
		{0172F902-4B26-4097-8809-888CD659288E}.Debug|x64.Build.0 = Debug|Any CPU
		{0172F902-4B26-4097-8809-888CD659288E}.Debug|x64.Deploy.0 = Debug|Any CPU
		{0172F902-4B26-4097-8809-888CD659288E}.Debug|x86.ActiveCfg = Debug|Any CPU
		{0172F902-4B26-4097-8809-888CD659288E}.Debug|x86.Build.0 = Debug|Any CPU
		{0172F902-4B26-4097-8809-888CD659288E}.Debug|x86.Deploy.0 = Debug|Any CPU
		{0172F902-4B26-4097-8809-888CD659288E}.Release|Any CPU.ActiveCfg = Release|Any CPU
		{0172F902-4B26-4097-8809-888CD659288E}.Release|Any CPU.Build.0 = Release|Any CPU
		{0172F902-4B26-4097-8809-888CD659288E}.Release|Any CPU.Deploy.0 = Release|Any CPU
		{0172F902-4B26-4097-8809-888CD659288E}.Release|ARM.ActiveCfg = Release|Any CPU
		{0172F902-4B26-4097-8809-888CD659288E}.Release|ARM.Build.0 = Release|Any CPU
		{0172F902-4B26-4097-8809-888CD659288E}.Release|ARM.Deploy.0 = Release|Any CPU
		{0172F902-4B26-4097-8809-888CD659288E}.Release|iPhone.ActiveCfg = Release|Any CPU
		{0172F902-4B26-4097-8809-888CD659288E}.Release|iPhone.Build.0 = Release|Any CPU
		{0172F902-4B26-4097-8809-888CD659288E}.Release|iPhone.Deploy.0 = Release|Any CPU
		{0172F902-4B26-4097-8809-888CD659288E}.Release|iPhoneSimulator.ActiveCfg = Release|Any CPU
		{0172F902-4B26-4097-8809-888CD659288E}.Release|iPhoneSimulator.Build.0 = Release|Any CPU
		{0172F902-4B26-4097-8809-888CD659288E}.Release|iPhoneSimulator.Deploy.0 = Release|Any CPU
		{0172F902-4B26-4097-8809-888CD659288E}.Release|x64.ActiveCfg = Release|Any CPU
		{0172F902-4B26-4097-8809-888CD659288E}.Release|x64.Build.0 = Release|Any CPU
		{0172F902-4B26-4097-8809-888CD659288E}.Release|x64.Deploy.0 = Release|Any CPU
		{0172F902-4B26-4097-8809-888CD659288E}.Release|x86.ActiveCfg = Release|Any CPU
		{0172F902-4B26-4097-8809-888CD659288E}.Release|x86.Build.0 = Release|Any CPU
		{0172F902-4B26-4097-8809-888CD659288E}.Release|x86.Deploy.0 = Release|Any CPU
		{85EDF809-AF47-476D-B45E-73062FD8E5B3}.Ad-Hoc|Any CPU.ActiveCfg = Ad-Hoc|iPhone
		{85EDF809-AF47-476D-B45E-73062FD8E5B3}.Ad-Hoc|ARM.ActiveCfg = Ad-Hoc|iPhone
		{85EDF809-AF47-476D-B45E-73062FD8E5B3}.Ad-Hoc|iPhone.ActiveCfg = Ad-Hoc|iPhone
		{85EDF809-AF47-476D-B45E-73062FD8E5B3}.Ad-Hoc|iPhone.Build.0 = Ad-Hoc|iPhone
		{85EDF809-AF47-476D-B45E-73062FD8E5B3}.Ad-Hoc|iPhoneSimulator.ActiveCfg = Ad-Hoc|iPhoneSimulator
		{85EDF809-AF47-476D-B45E-73062FD8E5B3}.Ad-Hoc|iPhoneSimulator.Build.0 = Ad-Hoc|iPhoneSimulator
		{85EDF809-AF47-476D-B45E-73062FD8E5B3}.Ad-Hoc|x64.ActiveCfg = Ad-Hoc|iPhone
		{85EDF809-AF47-476D-B45E-73062FD8E5B3}.Ad-Hoc|x86.ActiveCfg = Ad-Hoc|iPhone
		{85EDF809-AF47-476D-B45E-73062FD8E5B3}.AppStore|Any CPU.ActiveCfg = AppStore|iPhone
		{85EDF809-AF47-476D-B45E-73062FD8E5B3}.AppStore|ARM.ActiveCfg = AppStore|iPhone
		{85EDF809-AF47-476D-B45E-73062FD8E5B3}.AppStore|iPhone.ActiveCfg = AppStore|iPhone
		{85EDF809-AF47-476D-B45E-73062FD8E5B3}.AppStore|iPhone.Build.0 = AppStore|iPhone
		{85EDF809-AF47-476D-B45E-73062FD8E5B3}.AppStore|iPhoneSimulator.ActiveCfg = AppStore|iPhoneSimulator
		{85EDF809-AF47-476D-B45E-73062FD8E5B3}.AppStore|iPhoneSimulator.Build.0 = AppStore|iPhoneSimulator
		{85EDF809-AF47-476D-B45E-73062FD8E5B3}.AppStore|x64.ActiveCfg = AppStore|iPhone
		{85EDF809-AF47-476D-B45E-73062FD8E5B3}.AppStore|x86.ActiveCfg = AppStore|iPhone
		{85EDF809-AF47-476D-B45E-73062FD8E5B3}.Debug|Any CPU.ActiveCfg = Debug|iPhone
		{85EDF809-AF47-476D-B45E-73062FD8E5B3}.Debug|ARM.ActiveCfg = Debug|iPhone
		{85EDF809-AF47-476D-B45E-73062FD8E5B3}.Debug|iPhone.ActiveCfg = Debug|iPhone
		{85EDF809-AF47-476D-B45E-73062FD8E5B3}.Debug|iPhone.Build.0 = Debug|iPhone
		{85EDF809-AF47-476D-B45E-73062FD8E5B3}.Debug|iPhoneSimulator.ActiveCfg = Debug|iPhoneSimulator
		{85EDF809-AF47-476D-B45E-73062FD8E5B3}.Debug|iPhoneSimulator.Build.0 = Debug|iPhoneSimulator
		{85EDF809-AF47-476D-B45E-73062FD8E5B3}.Debug|x64.ActiveCfg = Debug|iPhone
		{85EDF809-AF47-476D-B45E-73062FD8E5B3}.Debug|x86.ActiveCfg = Debug|iPhone
		{85EDF809-AF47-476D-B45E-73062FD8E5B3}.Release|Any CPU.ActiveCfg = Release|iPhone
		{85EDF809-AF47-476D-B45E-73062FD8E5B3}.Release|ARM.ActiveCfg = Release|iPhone
		{85EDF809-AF47-476D-B45E-73062FD8E5B3}.Release|iPhone.ActiveCfg = Release|iPhone
		{85EDF809-AF47-476D-B45E-73062FD8E5B3}.Release|iPhone.Build.0 = Release|iPhone
		{85EDF809-AF47-476D-B45E-73062FD8E5B3}.Release|iPhoneSimulator.ActiveCfg = Release|iPhoneSimulator
		{85EDF809-AF47-476D-B45E-73062FD8E5B3}.Release|iPhoneSimulator.Build.0 = Release|iPhoneSimulator
		{85EDF809-AF47-476D-B45E-73062FD8E5B3}.Release|x64.ActiveCfg = Release|iPhone
		{85EDF809-AF47-476D-B45E-73062FD8E5B3}.Release|x86.ActiveCfg = Release|iPhone
		{48A10C5C-94E0-43F8-9650-8F8896956176}.Ad-Hoc|Any CPU.ActiveCfg = Release|x86
		{48A10C5C-94E0-43F8-9650-8F8896956176}.Ad-Hoc|Any CPU.Build.0 = Release|x86
		{48A10C5C-94E0-43F8-9650-8F8896956176}.Ad-Hoc|Any CPU.Deploy.0 = Release|x86
		{48A10C5C-94E0-43F8-9650-8F8896956176}.Ad-Hoc|ARM.ActiveCfg = Release|ARM
		{48A10C5C-94E0-43F8-9650-8F8896956176}.Ad-Hoc|ARM.Build.0 = Release|ARM
		{48A10C5C-94E0-43F8-9650-8F8896956176}.Ad-Hoc|ARM.Deploy.0 = Release|ARM
		{48A10C5C-94E0-43F8-9650-8F8896956176}.Ad-Hoc|iPhone.ActiveCfg = Release|x86
		{48A10C5C-94E0-43F8-9650-8F8896956176}.Ad-Hoc|iPhone.Build.0 = Release|x86
		{48A10C5C-94E0-43F8-9650-8F8896956176}.Ad-Hoc|iPhone.Deploy.0 = Release|x86
		{48A10C5C-94E0-43F8-9650-8F8896956176}.Ad-Hoc|iPhoneSimulator.ActiveCfg = Release|x86
		{48A10C5C-94E0-43F8-9650-8F8896956176}.Ad-Hoc|iPhoneSimulator.Build.0 = Release|x86
		{48A10C5C-94E0-43F8-9650-8F8896956176}.Ad-Hoc|iPhoneSimulator.Deploy.0 = Release|x86
		{48A10C5C-94E0-43F8-9650-8F8896956176}.Ad-Hoc|x64.ActiveCfg = Release|x64
		{48A10C5C-94E0-43F8-9650-8F8896956176}.Ad-Hoc|x64.Build.0 = Release|x64
		{48A10C5C-94E0-43F8-9650-8F8896956176}.Ad-Hoc|x64.Deploy.0 = Release|x64
		{48A10C5C-94E0-43F8-9650-8F8896956176}.Ad-Hoc|x86.ActiveCfg = Release|x86
		{48A10C5C-94E0-43F8-9650-8F8896956176}.Ad-Hoc|x86.Build.0 = Release|x86
		{48A10C5C-94E0-43F8-9650-8F8896956176}.Ad-Hoc|x86.Deploy.0 = Release|x86
		{48A10C5C-94E0-43F8-9650-8F8896956176}.AppStore|Any CPU.ActiveCfg = Release|x86
		{48A10C5C-94E0-43F8-9650-8F8896956176}.AppStore|Any CPU.Build.0 = Release|x86
		{48A10C5C-94E0-43F8-9650-8F8896956176}.AppStore|Any CPU.Deploy.0 = Release|x86
		{48A10C5C-94E0-43F8-9650-8F8896956176}.AppStore|ARM.ActiveCfg = Release|ARM
		{48A10C5C-94E0-43F8-9650-8F8896956176}.AppStore|ARM.Build.0 = Release|ARM
		{48A10C5C-94E0-43F8-9650-8F8896956176}.AppStore|ARM.Deploy.0 = Release|ARM
		{48A10C5C-94E0-43F8-9650-8F8896956176}.AppStore|iPhone.ActiveCfg = Release|x86
		{48A10C5C-94E0-43F8-9650-8F8896956176}.AppStore|iPhone.Build.0 = Release|x86
		{48A10C5C-94E0-43F8-9650-8F8896956176}.AppStore|iPhone.Deploy.0 = Release|x86
		{48A10C5C-94E0-43F8-9650-8F8896956176}.AppStore|iPhoneSimulator.ActiveCfg = Release|x86
		{48A10C5C-94E0-43F8-9650-8F8896956176}.AppStore|iPhoneSimulator.Build.0 = Release|x86
		{48A10C5C-94E0-43F8-9650-8F8896956176}.AppStore|iPhoneSimulator.Deploy.0 = Release|x86
		{48A10C5C-94E0-43F8-9650-8F8896956176}.AppStore|x64.ActiveCfg = Release|x64
		{48A10C5C-94E0-43F8-9650-8F8896956176}.AppStore|x64.Build.0 = Release|x64
		{48A10C5C-94E0-43F8-9650-8F8896956176}.AppStore|x64.Deploy.0 = Release|x64
		{48A10C5C-94E0-43F8-9650-8F8896956176}.AppStore|x86.ActiveCfg = Release|x86
		{48A10C5C-94E0-43F8-9650-8F8896956176}.AppStore|x86.Build.0 = Release|x86
		{48A10C5C-94E0-43F8-9650-8F8896956176}.AppStore|x86.Deploy.0 = Release|x86
		{48A10C5C-94E0-43F8-9650-8F8896956176}.Debug|Any CPU.ActiveCfg = Debug|x86
		{48A10C5C-94E0-43F8-9650-8F8896956176}.Debug|ARM.ActiveCfg = Debug|ARM
		{48A10C5C-94E0-43F8-9650-8F8896956176}.Debug|ARM.Build.0 = Debug|ARM
		{48A10C5C-94E0-43F8-9650-8F8896956176}.Debug|ARM.Deploy.0 = Debug|ARM
		{48A10C5C-94E0-43F8-9650-8F8896956176}.Debug|iPhone.ActiveCfg = Debug|x86
		{48A10C5C-94E0-43F8-9650-8F8896956176}.Debug|iPhoneSimulator.ActiveCfg = Debug|x86
		{48A10C5C-94E0-43F8-9650-8F8896956176}.Debug|x64.ActiveCfg = Debug|x64
		{48A10C5C-94E0-43F8-9650-8F8896956176}.Debug|x64.Build.0 = Debug|x64
		{48A10C5C-94E0-43F8-9650-8F8896956176}.Debug|x64.Deploy.0 = Debug|x64
		{48A10C5C-94E0-43F8-9650-8F8896956176}.Debug|x86.ActiveCfg = Debug|x86
		{48A10C5C-94E0-43F8-9650-8F8896956176}.Debug|x86.Build.0 = Debug|x86
		{48A10C5C-94E0-43F8-9650-8F8896956176}.Debug|x86.Deploy.0 = Debug|x86
		{48A10C5C-94E0-43F8-9650-8F8896956176}.Release|Any CPU.ActiveCfg = Release|x86
		{48A10C5C-94E0-43F8-9650-8F8896956176}.Release|ARM.ActiveCfg = Release|ARM
		{48A10C5C-94E0-43F8-9650-8F8896956176}.Release|ARM.Build.0 = Release|ARM
		{48A10C5C-94E0-43F8-9650-8F8896956176}.Release|ARM.Deploy.0 = Release|ARM
		{48A10C5C-94E0-43F8-9650-8F8896956176}.Release|iPhone.ActiveCfg = Release|x86
		{48A10C5C-94E0-43F8-9650-8F8896956176}.Release|iPhoneSimulator.ActiveCfg = Release|x86
		{48A10C5C-94E0-43F8-9650-8F8896956176}.Release|x64.ActiveCfg = Release|x64
		{48A10C5C-94E0-43F8-9650-8F8896956176}.Release|x64.Build.0 = Release|x64
		{48A10C5C-94E0-43F8-9650-8F8896956176}.Release|x64.Deploy.0 = Release|x64
		{48A10C5C-94E0-43F8-9650-8F8896956176}.Release|x86.ActiveCfg = Release|x86
		{48A10C5C-94E0-43F8-9650-8F8896956176}.Release|x86.Build.0 = Release|x86
		{48A10C5C-94E0-43F8-9650-8F8896956176}.Release|x86.Deploy.0 = Release|x86
		{D0E1FE07-0063-45F7-B871-70A0B2F13837}.Ad-Hoc|Any CPU.ActiveCfg = Release|Any CPU
		{D0E1FE07-0063-45F7-B871-70A0B2F13837}.Ad-Hoc|Any CPU.Build.0 = Release|Any CPU
		{D0E1FE07-0063-45F7-B871-70A0B2F13837}.Ad-Hoc|ARM.ActiveCfg = Release|Any CPU
		{D0E1FE07-0063-45F7-B871-70A0B2F13837}.Ad-Hoc|ARM.Build.0 = Release|Any CPU
		{D0E1FE07-0063-45F7-B871-70A0B2F13837}.Ad-Hoc|iPhone.ActiveCfg = Release|Any CPU
		{D0E1FE07-0063-45F7-B871-70A0B2F13837}.Ad-Hoc|iPhone.Build.0 = Release|Any CPU
		{D0E1FE07-0063-45F7-B871-70A0B2F13837}.Ad-Hoc|iPhoneSimulator.ActiveCfg = Release|Any CPU
		{D0E1FE07-0063-45F7-B871-70A0B2F13837}.Ad-Hoc|iPhoneSimulator.Build.0 = Release|Any CPU
		{D0E1FE07-0063-45F7-B871-70A0B2F13837}.Ad-Hoc|x64.ActiveCfg = Release|Any CPU
		{D0E1FE07-0063-45F7-B871-70A0B2F13837}.Ad-Hoc|x64.Build.0 = Release|Any CPU
		{D0E1FE07-0063-45F7-B871-70A0B2F13837}.Ad-Hoc|x86.ActiveCfg = Release|Any CPU
		{D0E1FE07-0063-45F7-B871-70A0B2F13837}.Ad-Hoc|x86.Build.0 = Release|Any CPU
		{D0E1FE07-0063-45F7-B871-70A0B2F13837}.AppStore|Any CPU.ActiveCfg = Release|Any CPU
		{D0E1FE07-0063-45F7-B871-70A0B2F13837}.AppStore|Any CPU.Build.0 = Release|Any CPU
		{D0E1FE07-0063-45F7-B871-70A0B2F13837}.AppStore|ARM.ActiveCfg = Release|Any CPU
		{D0E1FE07-0063-45F7-B871-70A0B2F13837}.AppStore|ARM.Build.0 = Release|Any CPU
		{D0E1FE07-0063-45F7-B871-70A0B2F13837}.AppStore|iPhone.ActiveCfg = Release|Any CPU
		{D0E1FE07-0063-45F7-B871-70A0B2F13837}.AppStore|iPhone.Build.0 = Release|Any CPU
		{D0E1FE07-0063-45F7-B871-70A0B2F13837}.AppStore|iPhoneSimulator.ActiveCfg = Release|Any CPU
		{D0E1FE07-0063-45F7-B871-70A0B2F13837}.AppStore|iPhoneSimulator.Build.0 = Release|Any CPU
		{D0E1FE07-0063-45F7-B871-70A0B2F13837}.AppStore|x64.ActiveCfg = Release|Any CPU
		{D0E1FE07-0063-45F7-B871-70A0B2F13837}.AppStore|x64.Build.0 = Release|Any CPU
		{D0E1FE07-0063-45F7-B871-70A0B2F13837}.AppStore|x86.ActiveCfg = Release|Any CPU
		{D0E1FE07-0063-45F7-B871-70A0B2F13837}.AppStore|x86.Build.0 = Release|Any CPU
		{D0E1FE07-0063-45F7-B871-70A0B2F13837}.Debug|Any CPU.ActiveCfg = Debug|Any CPU
		{D0E1FE07-0063-45F7-B871-70A0B2F13837}.Debug|Any CPU.Build.0 = Debug|Any CPU
		{D0E1FE07-0063-45F7-B871-70A0B2F13837}.Debug|ARM.ActiveCfg = Debug|Any CPU
		{D0E1FE07-0063-45F7-B871-70A0B2F13837}.Debug|ARM.Build.0 = Debug|Any CPU
		{D0E1FE07-0063-45F7-B871-70A0B2F13837}.Debug|iPhone.ActiveCfg = Debug|Any CPU
		{D0E1FE07-0063-45F7-B871-70A0B2F13837}.Debug|iPhone.Build.0 = Debug|Any CPU
		{D0E1FE07-0063-45F7-B871-70A0B2F13837}.Debug|iPhoneSimulator.ActiveCfg = Debug|Any CPU
		{D0E1FE07-0063-45F7-B871-70A0B2F13837}.Debug|iPhoneSimulator.Build.0 = Debug|Any CPU
		{D0E1FE07-0063-45F7-B871-70A0B2F13837}.Debug|x64.ActiveCfg = Debug|Any CPU
		{D0E1FE07-0063-45F7-B871-70A0B2F13837}.Debug|x64.Build.0 = Debug|Any CPU
		{D0E1FE07-0063-45F7-B871-70A0B2F13837}.Debug|x86.ActiveCfg = Debug|Any CPU
		{D0E1FE07-0063-45F7-B871-70A0B2F13837}.Debug|x86.Build.0 = Debug|Any CPU
		{D0E1FE07-0063-45F7-B871-70A0B2F13837}.Release|Any CPU.ActiveCfg = Release|Any CPU
		{D0E1FE07-0063-45F7-B871-70A0B2F13837}.Release|Any CPU.Build.0 = Release|Any CPU
		{D0E1FE07-0063-45F7-B871-70A0B2F13837}.Release|ARM.ActiveCfg = Release|Any CPU
		{D0E1FE07-0063-45F7-B871-70A0B2F13837}.Release|ARM.Build.0 = Release|Any CPU
		{D0E1FE07-0063-45F7-B871-70A0B2F13837}.Release|iPhone.ActiveCfg = Release|Any CPU
		{D0E1FE07-0063-45F7-B871-70A0B2F13837}.Release|iPhone.Build.0 = Release|Any CPU
		{D0E1FE07-0063-45F7-B871-70A0B2F13837}.Release|iPhoneSimulator.ActiveCfg = Release|Any CPU
		{D0E1FE07-0063-45F7-B871-70A0B2F13837}.Release|iPhoneSimulator.Build.0 = Release|Any CPU
		{D0E1FE07-0063-45F7-B871-70A0B2F13837}.Release|x64.ActiveCfg = Release|Any CPU
		{D0E1FE07-0063-45F7-B871-70A0B2F13837}.Release|x64.Build.0 = Release|Any CPU
		{D0E1FE07-0063-45F7-B871-70A0B2F13837}.Release|x86.ActiveCfg = Release|Any CPU
		{D0E1FE07-0063-45F7-B871-70A0B2F13837}.Release|x86.Build.0 = Release|Any CPU
		{4FE45500-2AB0-4AAD-9BB2-E2549F627C8A}.Ad-Hoc|Any CPU.ActiveCfg = Debug|Any CPU
		{4FE45500-2AB0-4AAD-9BB2-E2549F627C8A}.Ad-Hoc|Any CPU.Build.0 = Debug|Any CPU
		{4FE45500-2AB0-4AAD-9BB2-E2549F627C8A}.Ad-Hoc|ARM.ActiveCfg = Debug|Any CPU
		{4FE45500-2AB0-4AAD-9BB2-E2549F627C8A}.Ad-Hoc|ARM.Build.0 = Debug|Any CPU
		{4FE45500-2AB0-4AAD-9BB2-E2549F627C8A}.Ad-Hoc|iPhone.ActiveCfg = Debug|Any CPU
		{4FE45500-2AB0-4AAD-9BB2-E2549F627C8A}.Ad-Hoc|iPhone.Build.0 = Debug|Any CPU
		{4FE45500-2AB0-4AAD-9BB2-E2549F627C8A}.Ad-Hoc|iPhoneSimulator.ActiveCfg = Debug|Any CPU
		{4FE45500-2AB0-4AAD-9BB2-E2549F627C8A}.Ad-Hoc|iPhoneSimulator.Build.0 = Debug|Any CPU
		{4FE45500-2AB0-4AAD-9BB2-E2549F627C8A}.Ad-Hoc|x64.ActiveCfg = Debug|Any CPU
		{4FE45500-2AB0-4AAD-9BB2-E2549F627C8A}.Ad-Hoc|x64.Build.0 = Debug|Any CPU
		{4FE45500-2AB0-4AAD-9BB2-E2549F627C8A}.Ad-Hoc|x86.ActiveCfg = Debug|Any CPU
		{4FE45500-2AB0-4AAD-9BB2-E2549F627C8A}.Ad-Hoc|x86.Build.0 = Debug|Any CPU
		{4FE45500-2AB0-4AAD-9BB2-E2549F627C8A}.AppStore|Any CPU.ActiveCfg = Debug|Any CPU
		{4FE45500-2AB0-4AAD-9BB2-E2549F627C8A}.AppStore|Any CPU.Build.0 = Debug|Any CPU
		{4FE45500-2AB0-4AAD-9BB2-E2549F627C8A}.AppStore|ARM.ActiveCfg = Debug|Any CPU
		{4FE45500-2AB0-4AAD-9BB2-E2549F627C8A}.AppStore|ARM.Build.0 = Debug|Any CPU
		{4FE45500-2AB0-4AAD-9BB2-E2549F627C8A}.AppStore|iPhone.ActiveCfg = Debug|Any CPU
		{4FE45500-2AB0-4AAD-9BB2-E2549F627C8A}.AppStore|iPhone.Build.0 = Debug|Any CPU
		{4FE45500-2AB0-4AAD-9BB2-E2549F627C8A}.AppStore|iPhoneSimulator.ActiveCfg = Debug|Any CPU
		{4FE45500-2AB0-4AAD-9BB2-E2549F627C8A}.AppStore|iPhoneSimulator.Build.0 = Debug|Any CPU
		{4FE45500-2AB0-4AAD-9BB2-E2549F627C8A}.AppStore|x64.ActiveCfg = Debug|Any CPU
		{4FE45500-2AB0-4AAD-9BB2-E2549F627C8A}.AppStore|x64.Build.0 = Debug|Any CPU
		{4FE45500-2AB0-4AAD-9BB2-E2549F627C8A}.AppStore|x86.ActiveCfg = Debug|Any CPU
		{4FE45500-2AB0-4AAD-9BB2-E2549F627C8A}.AppStore|x86.Build.0 = Debug|Any CPU
		{4FE45500-2AB0-4AAD-9BB2-E2549F627C8A}.Debug|Any CPU.ActiveCfg = Debug|Any CPU
		{4FE45500-2AB0-4AAD-9BB2-E2549F627C8A}.Debug|Any CPU.Build.0 = Debug|Any CPU
		{4FE45500-2AB0-4AAD-9BB2-E2549F627C8A}.Debug|ARM.ActiveCfg = Debug|Any CPU
		{4FE45500-2AB0-4AAD-9BB2-E2549F627C8A}.Debug|ARM.Build.0 = Debug|Any CPU
		{4FE45500-2AB0-4AAD-9BB2-E2549F627C8A}.Debug|iPhone.ActiveCfg = Debug|Any CPU
		{4FE45500-2AB0-4AAD-9BB2-E2549F627C8A}.Debug|iPhone.Build.0 = Debug|Any CPU
		{4FE45500-2AB0-4AAD-9BB2-E2549F627C8A}.Debug|iPhoneSimulator.ActiveCfg = Debug|Any CPU
		{4FE45500-2AB0-4AAD-9BB2-E2549F627C8A}.Debug|iPhoneSimulator.Build.0 = Debug|Any CPU
		{4FE45500-2AB0-4AAD-9BB2-E2549F627C8A}.Debug|x64.ActiveCfg = Debug|Any CPU
		{4FE45500-2AB0-4AAD-9BB2-E2549F627C8A}.Debug|x64.Build.0 = Debug|Any CPU
		{4FE45500-2AB0-4AAD-9BB2-E2549F627C8A}.Debug|x86.ActiveCfg = Debug|Any CPU
		{4FE45500-2AB0-4AAD-9BB2-E2549F627C8A}.Debug|x86.Build.0 = Debug|Any CPU
		{4FE45500-2AB0-4AAD-9BB2-E2549F627C8A}.Release|Any CPU.ActiveCfg = Release|Any CPU
		{4FE45500-2AB0-4AAD-9BB2-E2549F627C8A}.Release|Any CPU.Build.0 = Release|Any CPU
		{4FE45500-2AB0-4AAD-9BB2-E2549F627C8A}.Release|ARM.ActiveCfg = Release|Any CPU
		{4FE45500-2AB0-4AAD-9BB2-E2549F627C8A}.Release|ARM.Build.0 = Release|Any CPU
		{4FE45500-2AB0-4AAD-9BB2-E2549F627C8A}.Release|iPhone.ActiveCfg = Release|Any CPU
		{4FE45500-2AB0-4AAD-9BB2-E2549F627C8A}.Release|iPhone.Build.0 = Release|Any CPU
		{4FE45500-2AB0-4AAD-9BB2-E2549F627C8A}.Release|iPhoneSimulator.ActiveCfg = Release|Any CPU
		{4FE45500-2AB0-4AAD-9BB2-E2549F627C8A}.Release|iPhoneSimulator.Build.0 = Release|Any CPU
		{4FE45500-2AB0-4AAD-9BB2-E2549F627C8A}.Release|x64.ActiveCfg = Release|Any CPU
		{4FE45500-2AB0-4AAD-9BB2-E2549F627C8A}.Release|x64.Build.0 = Release|Any CPU
		{4FE45500-2AB0-4AAD-9BB2-E2549F627C8A}.Release|x86.ActiveCfg = Release|Any CPU
		{4FE45500-2AB0-4AAD-9BB2-E2549F627C8A}.Release|x86.Build.0 = Release|Any CPU
	EndGlobalSection
	GlobalSection(SolutionProperties) = preSolution
		HideSolutionNode = FALSE
	EndGlobalSection
	GlobalSection(NestedProjects) = preSolution
		{31040790-9069-45D8-9717-BD000C161A06} = {507F69F3-265D-41F5-9099-DA6B3F962DD2}
		{C7FB824B-66CB-4646-914F-06889BF2F3B6} = {507F69F3-265D-41F5-9099-DA6B3F962DD2}
		{4AA11A89-1145-4529-B6DF-600FFE55012D} = {EBD3B8AB-4E71-4C40-BF08-8E0E3A59BF4A}
		{A7325225-3F4B-49F2-A219-2B42F30EEABB} = {EBD3B8AB-4E71-4C40-BF08-8E0E3A59BF4A}
		{D31BE345-1B83-4B30-B232-B8C34563CE66} = {EBD3B8AB-4E71-4C40-BF08-8E0E3A59BF4A}
		{93EF9489-3E1B-47BD-A34E-0C6080AF4A96} = {D31BE345-1B83-4B30-B232-B8C34563CE66}
		{D70850D8-8C19-462C-9B71-13DADC08BF0C} = {4AA11A89-1145-4529-B6DF-600FFE55012D}
		{E1C7EB7F-C3E9-48B9-8808-F22F35276512} = {4AA11A89-1145-4529-B6DF-600FFE55012D}
		{20E2B200-CF56-46BE-B22E-3925F6918865} = {EBD3B8AB-4E71-4C40-BF08-8E0E3A59BF4A}
		{5302D6B3-6829-4647-9F1C-23E016C4731C} = {20E2B200-CF56-46BE-B22E-3925F6918865}
		{07AF44C5-342D-40DD-B8EF-62E17A83F568} = {00E25343-8A10-4944-83EE-C647076A885E}
		{DB06E69F-91FA-470A-BD9F-EEA694D2C75A} = {00E25343-8A10-4944-83EE-C647076A885E}
		{DDA159DE-2397-48DD-94F7-90A6C7D52CE4} = {00E25343-8A10-4944-83EE-C647076A885E}
		{D0E1FE07-0063-45F7-B871-70A0B2F13837} = {DB06E69F-91FA-470A-BD9F-EEA694D2C75A}
		{4FE45500-2AB0-4AAD-9BB2-E2549F627C8A} = {07AF44C5-342D-40DD-B8EF-62E17A83F568}
	EndGlobalSection
	GlobalSection(ExtensibilityGlobals) = postSolution
		SolutionGuid = {C44CE400-ABAF-40EE-BE18-D98EF3D91A28}
	EndGlobalSection
EndGlobal
